version = 1
revision = 3
requires-python = ">=3.12"
resolution-markers = [
    "python_full_version >= '3.14'",
    "python_full_version < '3.14'",
]

[[package]]
name = "aiolimiter"
version = "1.2.1"
source = { registry = "https://pypi.org/simple" }
sdist = { url = "https://files.pythonhosted.org/packages/f1/23/b52debf471f7a1e42e362d959a3982bdcb4fe13a5d46e63d28868807a79c/aiolimiter-1.2.1.tar.gz", hash = "sha256:e02a37ea1a855d9e832252a105420ad4d15011505512a1a1d814647451b5cca9", size = 7185, upload-time = "2024-12-08T15:31:51.496Z" }
wheels = [
    { url = "https://files.pythonhosted.org/packages/f3/ba/df6e8e1045aebc4778d19b8a3a9bc1808adb1619ba94ca354d9ba17d86c3/aiolimiter-1.2.1-py3-none-any.whl", hash = "sha256:d3f249e9059a20badcb56b61601a83556133655c11d1eb3dd3e04ff069e5f3c7", size = 6711, upload-time = "2024-12-08T15:31:49.874Z" },
]

[[package]]
name = "annotated-types"
version = "0.7.0"
source = { registry = "https://pypi.org/simple" }
sdist = { url = "https://files.pythonhosted.org/packages/ee/67/531ea369ba64dcff5ec9c3402f9f51bf748cec26dde048a2f973a4eea7f5/annotated_types-0.7.0.tar.gz", hash = "sha256:aff07c09a53a08bc8cfccb9c85b05f1aa9a2a6f23728d790723543408344ce89", size = 16081, upload-time = "2024-05-20T21:33:25.928Z" }
wheels = [
    { url = "https://files.pythonhosted.org/packages/78/b6/6307fbef88d9b5ee7421e68d78a9f162e0da4900bc5f5793f6d3d0e34fb8/annotated_types-0.7.0-py3-none-any.whl", hash = "sha256:1f02e8b43a8fbbc3f3e0d4f0f4bfc8131bcb4eebe8849b8e5c773f3a1c582a53", size = 13643, upload-time = "2024-05-20T21:33:24.1Z" },
]

[[package]]
name = "anyio"
version = "4.13.0"
source = { registry = "https://pypi.org/simple" }
dependencies = [
    { name = "idna" },
    { name = "typing-extensions", marker = "python_full_version < '3.13'" },
]
sdist = { url = "https://files.pythonhosted.org/packages/19/14/2c5dd9f512b66549ae92767a9c7b330ae88e1932ca57876909410251fe13/anyio-4.13.0.tar.gz", hash = "sha256:334b70e641fd2221c1505b3890c69882fe4a2df910cba14d97019b90b24439dc", size = 231622, upload-time = "2026-03-24T12:59:09.671Z" }
wheels = [
    { url = "https://files.pythonhosted.org/packages/da/42/e921fccf5015463e32a3cf6ee7f980a6ed0f395ceeaa45060b61d86486c2/anyio-4.13.0-py3-none-any.whl", hash = "sha256:08b310f9e24a9594186fd75b4f73f4a4152069e3853f1ed8bfbf58369f4ad708", size = 114353, upload-time = "2026-03-24T12:59:08.246Z" },
]

[[package]]
name = "apscheduler"
version = "3.11.2"
source = { registry = "https://pypi.org/simple" }
dependencies = [
    { name = "tzlocal" },
]
sdist = { url = "https://files.pythonhosted.org/packages/07/12/3e4389e5920b4c1763390c6d371162f3784f86f85cd6d6c1bfe68eef14e2/apscheduler-3.11.2.tar.gz", hash = "sha256:2a9966b052ec805f020c8c4c3ae6e6a06e24b1bf19f2e11d91d8cca0473eef41", size = 108683, upload-time = "2025-12-22T00:39:34.884Z" }
wheels = [
    { url = "https://files.pythonhosted.org/packages/9f/64/2e54428beba8d9992aa478bb8f6de9e4ecaa5f8f513bcfd567ed7fb0262d/apscheduler-3.11.2-py3-none-any.whl", hash = "sha256:ce005177f741409db4e4dd40a7431b76feb856b9dd69d57e0da49d6715bfd26d", size = 64439, upload-time = "2025-12-22T00:39:33.303Z" },
]

[[package]]
name = "cachetools"
version = "7.0.5"
source = { registry = "https://pypi.org/simple" }
sdist = { url = "https://files.pythonhosted.org/packages/af/dd/57fe3fdb6e65b25a5987fd2cdc7e22db0aef508b91634d2e57d22928d41b/cachetools-7.0.5.tar.gz", hash = "sha256:0cd042c24377200c1dcd225f8b7b12b0ca53cc2c961b43757e774ebe190fd990", size = 37367, upload-time = "2026-03-09T20:51:29.451Z" }
wheels = [
    { url = "https://files.pythonhosted.org/packages/06/f3/39cf3367b8107baa44f861dc802cbf16263c945b62d8265d36034fc07bea/cachetools-7.0.5-py3-none-any.whl", hash = "sha256:46bc8ebefbe485407621d0a4264b23c080cedd913921bad7ac3ed2f26c183114", size = 13918, upload-time = "2026-03-09T20:51:27.33Z" },
]

[[package]]
name = "certifi"
version = "2026.2.25"
source = { registry = "https://pypi.org/simple" }
sdist = { url = "https://files.pythonhosted.org/packages/af/2d/7bf41579a8986e348fa033a31cdd0e4121114f6bce2457e8876010b092dd/certifi-2026.2.25.tar.gz", hash = "sha256:e887ab5cee78ea814d3472169153c2d12cd43b14bd03329a39a9c6e2e80bfba7", size = 155029, upload-time = "2026-02-25T02:54:17.342Z" }
wheels = [
    { url = "https://files.pythonhosted.org/packages/9a/3c/c17fb3ca2d9c3acff52e30b309f538586f9f5b9c9cf454f3845fc9af4881/certifi-2026.2.25-py3-none-any.whl", hash = "sha256:027692e4402ad994f1c42e52a4997a9763c646b73e4096e4d5d6db8af1d6f0fa", size = 153684, upload-time = "2026-02-25T02:54:15.766Z" },
]

[[package]]
name = "h11"
version = "0.16.0"
source = { registry = "https://pypi.org/simple" }
sdist = { url = "https://files.pythonhosted.org/packages/01/ee/02a2c011bdab74c6fb3c75474d40b3052059d95df7e73351460c8588d963/h11-0.16.0.tar.gz", hash = "sha256:4e35b956cf45792e4caa5885e69fba00bdbc6ffafbfa020300e549b208ee5ff1", size = 101250, upload-time = "2025-04-24T03:35:25.427Z" }
wheels = [
    { url = "https://files.pythonhosted.org/packages/04/4b/29cac41a4d98d144bf5f6d33995617b185d14b22401f75ca86f384e87ff1/h11-0.16.0-py3-none-any.whl", hash = "sha256:63cf8bbe7522de3bf65932fda1d9c2772064ffb3dae62d55932da54b31cb6c86", size = 37515, upload-time = "2025-04-24T03:35:24.344Z" },
]

[[package]]
name = "httpcore"
version = "1.0.9"
source = { registry = "https://pypi.org/simple" }
dependencies = [
    { name = "certifi" },
    { name = "h11" },
]
sdist = { url = "https://files.pythonhosted.org/packages/06/94/82699a10bca87a5556c9c59b5963f2d039dbd239f25bc2a63907a05a14cb/httpcore-1.0.9.tar.gz", hash = "sha256:6e34463af53fd2ab5d807f399a9b45ea31c3dfa2276f15a2c3f00afff6e176e8", size = 85484, upload-time = "2025-04-24T22:06:22.219Z" }
wheels = [
    { url = "https://files.pythonhosted.org/packages/7e/f5/f66802a942d491edb555dd61e3a9961140fd64c90bce1eafd741609d334d/httpcore-1.0.9-py3-none-any.whl", hash = "sha256:2d400746a40668fc9dec9810239072b40b4484b640a8c38fd654a024c7a1bf55", size = 78784, upload-time = "2025-04-24T22:06:20.566Z" },
]

[[package]]
name = "httpx"
version = "0.28.1"
source = { registry = "https://pypi.org/simple" }
dependencies = [
    { name = "anyio" },
    { name = "certifi" },
    { name = "httpcore" },
    { name = "idna" },
]
sdist = { url = "https://files.pythonhosted.org/packages/b1/df/48c586a5fe32a0f01324ee087459e112ebb7224f646c0b5023f5e79e9956/httpx-0.28.1.tar.gz", hash = "sha256:75e98c5f16b0f35b567856f597f06ff2270a374470a5c2392242528e3e3e42fc", size = 141406, upload-time = "2024-12-06T15:37:23.222Z" }
wheels = [
    { url = "https://files.pythonhosted.org/packages/2a/39/e50c7c3a983047577ee07d2a9e53faf5a69493943ec3f6a384bdc792deb2/httpx-0.28.1-py3-none-any.whl", hash = "sha256:d909fcccc110f8c7faf814ca82a9a4d816bc5a6dbfea25d6591d6985b8ba59ad", size = 73517, upload-time = "2024-12-06T15:37:21.509Z" },
]

[[package]]
name = "idna"
version = "3.15"
source = { registry = "https://pypi.org/simple" }
sdist = { url = "https://files.pythonhosted.org/packages/82/77/7b3966d0b9d1d31a36ddf1746926a11dface89a83409bf1483f0237aa758/idna-3.15.tar.gz", hash = "sha256:ca962446ea538f7092a95e057da437618e886f4d349216d2b1e294abfdb65fdc", size = 199245, upload-time = "2026-05-12T22:45:57.011Z" }
wheels = [
    { url = "https://files.pythonhosted.org/packages/d2/23/408243171aa9aaba178d3e2559159c24c1171a641aa83b67bdd3394ead8e/idna-3.15-py3-none-any.whl", hash = "sha256:048adeaf8c2d788c40fee287673ccaa74c24ffd8dcf09ffa555a2fbb59f10ac8", size = 72340, upload-time = "2026-05-12T22:45:55.733Z" },
]

[[package]]
name = "ontu-schedule-bot"
version = "1.5.1"
source = { virtual = "." }
dependencies = [
    { name = "httpx" },
    { name = "pydantic-settings" },
    { name = "python-telegram-bot", extra = ["callback-data", "job-queue", "rate-limiter", "webhooks"] },
    { name = "pytz" },
]

[package.dev-dependencies]
dev = [
    { name = "ruff" },
]

[package.metadata]
requires-dist = [
    { name = "httpx", specifier = ">=0.28.1,<0.29.0" },
    { name = "pydantic-settings", specifier = ">=2.11.0" },
    { name = "python-telegram-bot", extras = ["callback-data", "rate-limiter", "job-queue", "webhooks"], specifier = ">=22.5,<23.0" },
    { name = "pytz", specifier = ">=2026.1" },
]

[package.metadata.requires-dev]
dev = [{ name = "ruff", specifier = ">=0.14.3" }]

[[package]]
name = "pydantic"
version = "2.12.5"
source = { registry = "https://pypi.org/simple" }
dependencies = [
    { name = "annotated-types" },
    { name = "pydantic-core" },
    { name = "typing-extensions" },
    { name = "typing-inspection" },
]
sdist = { url = "https://files.pythonhosted.org/packages/69/44/36f1a6e523abc58ae5f928898e4aca2e0ea509b5aa6f6f392a5d882be928/pydantic-2.12.5.tar.gz", hash = "sha256:4d351024c75c0f085a9febbb665ce8c0c6ec5d30e903bdb6394b7ede26aebb49", size = 821591, upload-time = "2025-11-26T15:11:46.471Z" }
wheels = [
    { url = "https://files.pythonhosted.org/packages/5a/87/b70ad306ebb6f9b585f114d0ac2137d792b48be34d732d60e597c2f8465a/pydantic-2.12.5-py3-none-any.whl", hash = "sha256:e561593fccf61e8a20fc46dfc2dfe075b8be7d0188df33f221ad1f0139180f9d", size = 463580, upload-time = "2025-11-26T15:11:44.605Z" },
]

[[package]]
name = "pydantic-core"
version = "2.41.5"
source = { registry = "https://pypi.org/simple" }
dependencies = [
    { name = "typing-extensions" },
]
sdist = { url = "https://files.pythonhosted.org/packages/71/70/23b021c950c2addd24ec408e9ab05d59b035b39d97cdc1130e1bce647bb6/pydantic_core-2.41.5.tar.gz", hash = "sha256:08daa51ea16ad373ffd5e7606252cc32f07bc72b28284b6bc9c6df804816476e", size = 460952, upload-time = "2025-11-04T13:43:49.098Z" }
wheels = [
    { url = "https://files.pythonhosted.org/packages/5f/5d/5f6c63eebb5afee93bcaae4ce9a898f3373ca23df3ccaef086d0233a35a7/pydantic_core-2.41.5-cp312-cp312-macosx_10_12_x86_64.whl", hash = "sha256:f41a7489d32336dbf2199c8c0a215390a751c5b014c2c1c5366e817202e9cdf7", size = 2110990, upload-time = "2025-11-04T13:39:58.079Z" },
    { url = "https://files.pythonhosted.org/packages/aa/32/9c2e8ccb57c01111e0fd091f236c7b371c1bccea0fa85247ac55b1e2b6b6/pydantic_core-2.41.5-cp312-cp312-macosx_11_0_arm64.whl", hash = "sha256:070259a8818988b9a84a449a2a7337c7f430a22acc0859c6b110aa7212a6d9c0", size = 1896003, upload-time = "2025-11-04T13:39:59.956Z" },
    { url = "https://files.pythonhosted.org/packages/68/b8/a01b53cb0e59139fbc9e4fda3e9724ede8de279097179be4ff31f1abb65a/pydantic_core-2.41.5-cp312-cp312-manylinux_2_17_aarch64.manylinux2014_aarch64.whl", hash = "sha256:e96cea19e34778f8d59fe40775a7a574d95816eb150850a85a7a4c8f4b94ac69", size = 1919200, upload-time = "2025-11-04T13:40:02.241Z" },
    { url = "https://files.pythonhosted.org/packages/38/de/8c36b5198a29bdaade07b5985e80a233a5ac27137846f3bc2d3b40a47360/pydantic_core-2.41.5-cp312-cp312-manylinux_2_17_armv7l.manylinux2014_armv7l.whl", hash = "sha256:ed2e99c456e3fadd05c991f8f437ef902e00eedf34320ba2b0842bd1c3ca3a75", size = 2052578, upload-time = "2025-11-04T13:40:04.401Z" },
    { url = "https://files.pythonhosted.org/packages/00/b5/0e8e4b5b081eac6cb3dbb7e60a65907549a1ce035a724368c330112adfdd/pydantic_core-2.41.5-cp312-cp312-manylinux_2_17_ppc64le.manylinux2014_ppc64le.whl", hash = "sha256:65840751b72fbfd82c3c640cff9284545342a4f1eb1586ad0636955b261b0b05", size = 2208504, upload-time = "2025-11-04T13:40:06.072Z" },
    { url = "https://files.pythonhosted.org/packages/77/56/87a61aad59c7c5b9dc8caad5a41a5545cba3810c3e828708b3d7404f6cef/pydantic_core-2.41.5-cp312-cp312-manylinux_2_17_s390x.manylinux2014_s390x.whl", hash = "sha256:e536c98a7626a98feb2d3eaf75944ef6f3dbee447e1f841eae16f2f0a72d8ddc", size = 2335816, upload-time = "2025-11-04T13:40:07.835Z" },
    { url = "https://files.pythonhosted.org/packages/0d/76/941cc9f73529988688a665a5c0ecff1112b3d95ab48f81db5f7606f522d3/pydantic_core-2.41.5-cp312-cp312-manylinux_2_17_x86_64.manylinux2014_x86_64.whl", hash = "sha256:eceb81a8d74f9267ef4081e246ffd6d129da5d87e37a77c9bde550cb04870c1c", size = 2075366, upload-time = "2025-11-04T13:40:09.804Z" },
    { url = "https://files.pythonhosted.org/packages/d3/43/ebef01f69baa07a482844faaa0a591bad1ef129253ffd0cdaa9d8a7f72d3/pydantic_core-2.41.5-cp312-cp312-manylinux_2_5_i686.manylinux1_i686.whl", hash = "sha256:d38548150c39b74aeeb0ce8ee1d8e82696f4a4e16ddc6de7b1d8823f7de4b9b5", size = 2171698, upload-time = "2025-11-04T13:40:12.004Z" },
    { url = "https://files.pythonhosted.org/packages/b1/87/41f3202e4193e3bacfc2c065fab7706ebe81af46a83d3e27605029c1f5a6/pydantic_core-2.41.5-cp312-cp312-musllinux_1_1_aarch64.whl", hash = "sha256:c23e27686783f60290e36827f9c626e63154b82b116d7fe9adba1fda36da706c", size = 2132603, upload-time = "2025-11-04T13:40:13.868Z" },
    { url = "https://files.pythonhosted.org/packages/49/7d/4c00df99cb12070b6bccdef4a195255e6020a550d572768d92cc54dba91a/pydantic_core-2.41.5-cp312-cp312-musllinux_1_1_armv7l.whl", hash = "sha256:482c982f814460eabe1d3bb0adfdc583387bd4691ef00b90575ca0d2b6fe2294", size = 2329591, upload-time = "2025-11-04T13:40:15.672Z" },
    { url = "https://files.pythonhosted.org/packages/cc/6a/ebf4b1d65d458f3cda6a7335d141305dfa19bdc61140a884d165a8a1bbc7/pydantic_core-2.41.5-cp312-cp312-musllinux_1_1_x86_64.whl", hash = "sha256:bfea2a5f0b4d8d43adf9d7b8bf019fb46fdd10a2e5cde477fbcb9d1fa08c68e1", size = 2319068, upload-time = "2025-11-04T13:40:17.532Z" },
    { url = "https://files.pythonhosted.org/packages/49/3b/774f2b5cd4192d5ab75870ce4381fd89cf218af999515baf07e7206753f0/pydantic_core-2.41.5-cp312-cp312-win32.whl", hash = "sha256:b74557b16e390ec12dca509bce9264c3bbd128f8a2c376eaa68003d7f327276d", size = 1985908, upload-time = "2025-11-04T13:40:19.309Z" },
    { url = "https://files.pythonhosted.org/packages/86/45/00173a033c801cacf67c190fef088789394feaf88a98a7035b0e40d53dc9/pydantic_core-2.41.5-cp312-cp312-win_amd64.whl", hash = "sha256:1962293292865bca8e54702b08a4f26da73adc83dd1fcf26fbc875b35d81c815", size = 2020145, upload-time = "2025-11-04T13:40:21.548Z" },
    { url = "https://files.pythonhosted.org/packages/f9/22/91fbc821fa6d261b376a3f73809f907cec5ca6025642c463d3488aad22fb/pydantic_core-2.41.5-cp312-cp312-win_arm64.whl", hash = "sha256:1746d4a3d9a794cacae06a5eaaccb4b8643a131d45fbc9af23e353dc0a5ba5c3", size = 1976179, upload-time = "2025-11-04T13:40:23.393Z" },
    { url = "https://files.pythonhosted.org/packages/87/06/8806241ff1f70d9939f9af039c6c35f2360cf16e93c2ca76f184e76b1564/pydantic_core-2.41.5-cp313-cp313-macosx_10_12_x86_64.whl", hash = "sha256:941103c9be18ac8daf7b7adca8228f8ed6bb7a1849020f643b3a14d15b1924d9", size = 2120403, upload-time = "2025-11-04T13:40:25.248Z" },
    { url = "https://files.pythonhosted.org/packages/94/02/abfa0e0bda67faa65fef1c84971c7e45928e108fe24333c81f3bfe35d5f5/pydantic_core-2.41.5-cp313-cp313-macosx_11_0_arm64.whl", hash = "sha256:112e305c3314f40c93998e567879e887a3160bb8689ef3d2c04b6cc62c33ac34", size = 1896206, upload-time = "2025-11-04T13:40:27.099Z" },
    { url = "https://files.pythonhosted.org/packages/15/df/a4c740c0943e93e6500f9eb23f4ca7ec9bf71b19e608ae5b579678c8d02f/pydantic_core-2.41.5-cp313-cp313-manylinux_2_17_aarch64.manylinux2014_aarch64.whl", hash = "sha256:0cbaad15cb0c90aa221d43c00e77bb33c93e8d36e0bf74760cd00e732d10a6a0", size = 1919307, upload-time = "2025-11-04T13:40:29.806Z" },
    { url = "https://files.pythonhosted.org/packages/9a/e3/6324802931ae1d123528988e0e86587c2072ac2e5394b4bc2bc34b61ff6e/pydantic_core-2.41.5-cp313-cp313-manylinux_2_17_armv7l.manylinux2014_armv7l.whl", hash = "sha256:03ca43e12fab6023fc79d28ca6b39b05f794ad08ec2feccc59a339b02f2b3d33", size = 2063258, upload-time = "2025-11-04T13:40:33.544Z" },
    { url = "https://files.pythonhosted.org/packages/c9/d4/2230d7151d4957dd79c3044ea26346c148c98fbf0ee6ebd41056f2d62ab5/pydantic_core-2.41.5-cp313-cp313-manylinux_2_17_ppc64le.manylinux2014_ppc64le.whl", hash = "sha256:dc799088c08fa04e43144b164feb0c13f9a0bc40503f8df3e9fde58a3c0c101e", size = 2214917, upload-time = "2025-11-04T13:40:35.479Z" },
    { url = "https://files.pythonhosted.org/packages/e6/9f/eaac5df17a3672fef0081b6c1bb0b82b33ee89aa5cec0d7b05f52fd4a1fa/pydantic_core-2.41.5-cp313-cp313-manylinux_2_17_s390x.manylinux2014_s390x.whl", hash = "sha256:97aeba56665b4c3235a0e52b2c2f5ae9cd071b8a8310ad27bddb3f7fb30e9aa2", size = 2332186, upload-time = "2025-11-04T13:40:37.436Z" },
    { url = "https://files.pythonhosted.org/packages/cf/4e/35a80cae583a37cf15604b44240e45c05e04e86f9cfd766623149297e971/pydantic_core-2.41.5-cp313-cp313-manylinux_2_17_x86_64.manylinux2014_x86_64.whl", hash = "sha256:406bf18d345822d6c21366031003612b9c77b3e29ffdb0f612367352aab7d586", size = 2073164, upload-time = "2025-11-04T13:40:40.289Z" },
    { url = "https://files.pythonhosted.org/packages/bf/e3/f6e262673c6140dd3305d144d032f7bd5f7497d3871c1428521f19f9efa2/pydantic_core-2.41.5-cp313-cp313-manylinux_2_5_i686.manylinux1_i686.whl", hash = "sha256:b93590ae81f7010dbe380cdeab6f515902ebcbefe0b9327cc4804d74e93ae69d", size = 2179146, upload-time = "2025-11-04T13:40:42.809Z" },
    { url = "https://files.pythonhosted.org/packages/75/c7/20bd7fc05f0c6ea2056a4565c6f36f8968c0924f19b7d97bbfea55780e73/pydantic_core-2.41.5-cp313-cp313-musllinux_1_1_aarch64.whl", hash = "sha256:01a3d0ab748ee531f4ea6c3e48ad9dac84ddba4b0d82291f87248f2f9de8d740", size = 2137788, upload-time = "2025-11-04T13:40:44.752Z" },
    { url = "https://files.pythonhosted.org/packages/3a/8d/34318ef985c45196e004bc46c6eab2eda437e744c124ef0dbe1ff2c9d06b/pydantic_core-2.41.5-cp313-cp313-musllinux_1_1_armv7l.whl", hash = "sha256:6561e94ba9dacc9c61bce40e2d6bdc3bfaa0259d3ff36ace3b1e6901936d2e3e", size = 2340133, upload-time = "2025-11-04T13:40:46.66Z" },
    { url = "https://files.pythonhosted.org/packages/9c/59/013626bf8c78a5a5d9350d12e7697d3d4de951a75565496abd40ccd46bee/pydantic_core-2.41.5-cp313-cp313-musllinux_1_1_x86_64.whl", hash = "sha256:915c3d10f81bec3a74fbd4faebe8391013ba61e5a1a8d48c4455b923bdda7858", size = 2324852, upload-time = "2025-11-04T13:40:48.575Z" },
    { url = "https://files.pythonhosted.org/packages/1a/d9/c248c103856f807ef70c18a4f986693a46a8ffe1602e5d361485da502d20/pydantic_core-2.41.5-cp313-cp313-win32.whl", hash = "sha256:650ae77860b45cfa6e2cdafc42618ceafab3a2d9a3811fcfbd3bbf8ac3c40d36", size = 1994679, upload-time = "2025-11-04T13:40:50.619Z" },
    { url = "https://files.pythonhosted.org/packages/9e/8b/341991b158ddab181cff136acd2552c9f35bd30380422a639c0671e99a91/pydantic_core-2.41.5-cp313-cp313-win_amd64.whl", hash = "sha256:79ec52ec461e99e13791ec6508c722742ad745571f234ea6255bed38c6480f11", size = 2019766, upload-time = "2025-11-04T13:40:52.631Z" },
    { url = "https://files.pythonhosted.org/packages/73/7d/f2f9db34af103bea3e09735bb40b021788a5e834c81eedb541991badf8f5/pydantic_core-2.41.5-cp313-cp313-win_arm64.whl", hash = "sha256:3f84d5c1b4ab906093bdc1ff10484838aca54ef08de4afa9de0f5f14d69639cd", size = 1981005, upload-time = "2025-11-04T13:40:54.734Z" },
    { url = "https://files.pythonhosted.org/packages/ea/28/46b7c5c9635ae96ea0fbb779e271a38129df2550f763937659ee6c5dbc65/pydantic_core-2.41.5-cp314-cp314-macosx_10_12_x86_64.whl", hash = "sha256:3f37a19d7ebcdd20b96485056ba9e8b304e27d9904d233d7b1015db320e51f0a", size = 2119622, upload-time = "2025-11-04T13:40:56.68Z" },
    { url = "https://files.pythonhosted.org/packages/74/1a/145646e5687e8d9a1e8d09acb278c8535ebe9e972e1f162ed338a622f193/pydantic_core-2.41.5-cp314-cp314-macosx_11_0_arm64.whl", hash = "sha256:1d1d9764366c73f996edd17abb6d9d7649a7eb690006ab6adbda117717099b14", size = 1891725, upload-time = "2025-11-04T13:40:58.807Z" },
    { url = "https://files.pythonhosted.org/packages/23/04/e89c29e267b8060b40dca97bfc64a19b2a3cf99018167ea1677d96368273/pydantic_core-2.41.5-cp314-cp314-manylinux_2_17_aarch64.manylinux2014_aarch64.whl", hash = "sha256:25e1c2af0fce638d5f1988b686f3b3ea8cd7de5f244ca147c777769e798a9cd1", size = 1915040, upload-time = "2025-11-04T13:41:00.853Z" },
    { url = "https://files.pythonhosted.org/packages/84/a3/15a82ac7bd97992a82257f777b3583d3e84bdb06ba6858f745daa2ec8a85/pydantic_core-2.41.5-cp314-cp314-manylinux_2_17_armv7l.manylinux2014_armv7l.whl", hash = "sha256:506d766a8727beef16b7adaeb8ee6217c64fc813646b424d0804d67c16eddb66", size = 2063691, upload-time = "2025-11-04T13:41:03.504Z" },
    { url = "https://files.pythonhosted.org/packages/74/9b/0046701313c6ef08c0c1cf0e028c67c770a4e1275ca73131563c5f2a310a/pydantic_core-2.41.5-cp314-cp314-manylinux_2_17_ppc64le.manylinux2014_ppc64le.whl", hash = "sha256:4819fa52133c9aa3c387b3328f25c1facc356491e6135b459f1de698ff64d869", size = 2213897, upload-time = "2025-11-04T13:41:05.804Z" },
    { url = "https://files.pythonhosted.org/packages/8a/cd/6bac76ecd1b27e75a95ca3a9a559c643b3afcd2dd62086d4b7a32a18b169/pydantic_core-2.41.5-cp314-cp314-manylinux_2_17_s390x.manylinux2014_s390x.whl", hash = "sha256:2b761d210c9ea91feda40d25b4efe82a1707da2ef62901466a42492c028553a2", size = 2333302, upload-time = "2025-11-04T13:41:07.809Z" },
    { url = "https://files.pythonhosted.org/packages/4c/d2/ef2074dc020dd6e109611a8be4449b98cd25e1b9b8a303c2f0fca2f2bcf7/pydantic_core-2.41.5-cp314-cp314-manylinux_2_17_x86_64.manylinux2014_x86_64.whl", hash = "sha256:22f0fb8c1c583a3b6f24df2470833b40207e907b90c928cc8d3594b76f874375", size = 2064877, upload-time = "2025-11-04T13:41:09.827Z" },
    { url = "https://files.pythonhosted.org/packages/18/66/e9db17a9a763d72f03de903883c057b2592c09509ccfe468187f2a2eef29/pydantic_core-2.41.5-cp314-cp314-manylinux_2_5_i686.manylinux1_i686.whl", hash = "sha256:2782c870e99878c634505236d81e5443092fba820f0373997ff75f90f68cd553", size = 2180680, upload-time = "2025-11-04T13:41:12.379Z" },
    { url = "https://files.pythonhosted.org/packages/d3/9e/3ce66cebb929f3ced22be85d4c2399b8e85b622db77dad36b73c5387f8f8/pydantic_core-2.41.5-cp314-cp314-musllinux_1_1_aarch64.whl", hash = "sha256:0177272f88ab8312479336e1d777f6b124537d47f2123f89cb37e0accea97f90", size = 2138960, upload-time = "2025-11-04T13:41:14.627Z" },
    { url = "https://files.pythonhosted.org/packages/a6/62/205a998f4327d2079326b01abee48e502ea739d174f0a89295c481a2272e/pydantic_core-2.41.5-cp314-cp314-musllinux_1_1_armv7l.whl", hash = "sha256:63510af5e38f8955b8ee5687740d6ebf7c2a0886d15a6d65c32814613681bc07", size = 2339102, upload-time = "2025-11-04T13:41:16.868Z" },
    { url = "https://files.pythonhosted.org/packages/3c/0d/f05e79471e889d74d3d88f5bd20d0ed189ad94c2423d81ff8d0000aab4ff/pydantic_core-2.41.5-cp314-cp314-musllinux_1_1_x86_64.whl", hash = "sha256:e56ba91f47764cc14f1daacd723e3e82d1a89d783f0f5afe9c364b8bb491ccdb", size = 2326039, upload-time = "2025-11-04T13:41:18.934Z" },
    { url = "https://files.pythonhosted.org/packages/ec/e1/e08a6208bb100da7e0c4b288eed624a703f4d129bde2da475721a80cab32/pydantic_core-2.41.5-cp314-cp314-win32.whl", hash = "sha256:aec5cf2fd867b4ff45b9959f8b20ea3993fc93e63c7363fe6851424c8a7e7c23", size = 1995126, upload-time = "2025-11-04T13:41:21.418Z" },
    { url = "https://files.pythonhosted.org/packages/48/5d/56ba7b24e9557f99c9237e29f5c09913c81eeb2f3217e40e922353668092/pydantic_core-2.41.5-cp314-cp314-win_amd64.whl", hash = "sha256:8e7c86f27c585ef37c35e56a96363ab8de4e549a95512445b85c96d3e2f7c1bf", size = 2015489, upload-time = "2025-11-04T13:41:24.076Z" },
    { url = "https://files.pythonhosted.org/packages/4e/bb/f7a190991ec9e3e0ba22e4993d8755bbc4a32925c0b5b42775c03e8148f9/pydantic_core-2.41.5-cp314-cp314-win_arm64.whl", hash = "sha256:e672ba74fbc2dc8eea59fb6d4aed6845e6905fc2a8afe93175d94a83ba2a01a0", size = 1977288, upload-time = "2025-11-04T13:41:26.33Z" },
    { url = "https://files.pythonhosted.org/packages/92/ed/77542d0c51538e32e15afe7899d79efce4b81eee631d99850edc2f5e9349/pydantic_core-2.41.5-cp314-cp314t-macosx_10_12_x86_64.whl", hash = "sha256:8566def80554c3faa0e65ac30ab0932b9e3a5cd7f8323764303d468e5c37595a", size = 2120255, upload-time = "2025-11-04T13:41:28.569Z" },
    { url = "https://files.pythonhosted.org/packages/bb/3d/6913dde84d5be21e284439676168b28d8bbba5600d838b9dca99de0fad71/pydantic_core-2.41.5-cp314-cp314t-macosx_11_0_arm64.whl", hash = "sha256:b80aa5095cd3109962a298ce14110ae16b8c1aece8b72f9dafe81cf597ad80b3", size = 1863760, upload-time = "2025-11-04T13:41:31.055Z" },
    { url = "https://files.pythonhosted.org/packages/5a/f0/e5e6b99d4191da102f2b0eb9687aaa7f5bea5d9964071a84effc3e40f997/pydantic_core-2.41.5-cp314-cp314t-manylinux_2_17_aarch64.manylinux2014_aarch64.whl", hash = "sha256:3006c3dd9ba34b0c094c544c6006cc79e87d8612999f1a5d43b769b89181f23c", size = 1878092, upload-time = "2025-11-04T13:41:33.21Z" },
    { url = "https://files.pythonhosted.org/packages/71/48/36fb760642d568925953bcc8116455513d6e34c4beaa37544118c36aba6d/pydantic_core-2.41.5-cp314-cp314t-manylinux_2_17_armv7l.manylinux2014_armv7l.whl", hash = "sha256:72f6c8b11857a856bcfa48c86f5368439f74453563f951e473514579d44aa612", size = 2053385, upload-time = "2025-11-04T13:41:35.508Z" },
    { url = "https://files.pythonhosted.org/packages/20/25/92dc684dd8eb75a234bc1c764b4210cf2646479d54b47bf46061657292a8/pydantic_core-2.41.5-cp314-cp314t-manylinux_2_17_ppc64le.manylinux2014_ppc64le.whl", hash = "sha256:5cb1b2f9742240e4bb26b652a5aeb840aa4b417c7748b6f8387927bc6e45e40d", size = 2218832, upload-time = "2025-11-04T13:41:37.732Z" },
    { url = "https://files.pythonhosted.org/packages/e2/09/f53e0b05023d3e30357d82eb35835d0f6340ca344720a4599cd663dca599/pydantic_core-2.41.5-cp314-cp314t-manylinux_2_17_s390x.manylinux2014_s390x.whl", hash = "sha256:bd3d54f38609ff308209bd43acea66061494157703364ae40c951f83ba99a1a9", size = 2327585, upload-time = "2025-11-04T13:41:40Z" },
    { url = "https://files.pythonhosted.org/packages/aa/4e/2ae1aa85d6af35a39b236b1b1641de73f5a6ac4d5a7509f77b814885760c/pydantic_core-2.41.5-cp314-cp314t-manylinux_2_17_x86_64.manylinux2014_x86_64.whl", hash = "sha256:2ff4321e56e879ee8d2a879501c8e469414d948f4aba74a2d4593184eb326660", size = 2041078, upload-time = "2025-11-04T13:41:42.323Z" },
    { url = "https://files.pythonhosted.org/packages/cd/13/2e215f17f0ef326fc72afe94776edb77525142c693767fc347ed6288728d/pydantic_core-2.41.5-cp314-cp314t-manylinux_2_5_i686.manylinux1_i686.whl", hash = "sha256:d0d2568a8c11bf8225044aa94409e21da0cb09dcdafe9ecd10250b2baad531a9", size = 2173914, upload-time = "2025-11-04T13:41:45.221Z" },
    { url = "https://files.pythonhosted.org/packages/02/7a/f999a6dcbcd0e5660bc348a3991c8915ce6599f4f2c6ac22f01d7a10816c/pydantic_core-2.41.5-cp314-cp314t-musllinux_1_1_aarch64.whl", hash = "sha256:a39455728aabd58ceabb03c90e12f71fd30fa69615760a075b9fec596456ccc3", size = 2129560, upload-time = "2025-11-04T13:41:47.474Z" },
    { url = "https://files.pythonhosted.org/packages/3a/b1/6c990ac65e3b4c079a4fb9f5b05f5b013afa0f4ed6780a3dd236d2cbdc64/pydantic_core-2.41.5-cp314-cp314t-musllinux_1_1_armv7l.whl", hash = "sha256:239edca560d05757817c13dc17c50766136d21f7cd0fac50295499ae24f90fdf", size = 2329244, upload-time = "2025-11-04T13:41:49.992Z" },
    { url = "https://files.pythonhosted.org/packages/d9/02/3c562f3a51afd4d88fff8dffb1771b30cfdfd79befd9883ee094f5b6c0d8/pydantic_core-2.41.5-cp314-cp314t-musllinux_1_1_x86_64.whl", hash = "sha256:2a5e06546e19f24c6a96a129142a75cee553cc018ffee48a460059b1185f4470", size = 2331955, upload-time = "2025-11-04T13:41:54.079Z" },
    { url = "https://files.pythonhosted.org/packages/5c/96/5fb7d8c3c17bc8c62fdb031c47d77a1af698f1d7a406b0f79aaa1338f9ad/pydantic_core-2.41.5-cp314-cp314t-win32.whl", hash = "sha256:b4ececa40ac28afa90871c2cc2b9ffd2ff0bf749380fbdf57d165fd23da353aa", size = 1988906, upload-time = "2025-11-04T13:41:56.606Z" },
    { url = "https://files.pythonhosted.org/packages/22/ed/182129d83032702912c2e2d8bbe33c036f342cc735737064668585dac28f/pydantic_core-2.41.5-cp314-cp314t-win_amd64.whl", hash = "sha256:80aa89cad80b32a912a65332f64a4450ed00966111b6615ca6816153d3585a8c", size = 1981607, upload-time = "2025-11-04T13:41:58.889Z" },
    { url = "https://files.pythonhosted.org/packages/9f/ed/068e41660b832bb0b1aa5b58011dea2a3fe0ba7861ff38c4d4904c1c1a99/pydantic_core-2.41.5-cp314-cp314t-win_arm64.whl", hash = "sha256:35b44f37a3199f771c3eaa53051bc8a70cd7b54f333531c59e29fd4db5d15008", size = 1974769, upload-time = "2025-11-04T13:42:01.186Z" },
    { url = "https://files.pythonhosted.org/packages/09/32/59b0c7e63e277fa7911c2fc70ccfb45ce4b98991e7ef37110663437005af/pydantic_core-2.41.5-graalpy312-graalpy250_312_native-macosx_10_12_x86_64.whl", hash = "sha256:7da7087d756b19037bc2c06edc6c170eeef3c3bafcb8f532ff17d64dc427adfd", size = 2110495, upload-time = "2025-11-04T13:42:49.689Z" },
    { url = "https://files.pythonhosted.org/packages/aa/81/05e400037eaf55ad400bcd318c05bb345b57e708887f07ddb2d20e3f0e98/pydantic_core-2.41.5-graalpy312-graalpy250_312_native-macosx_11_0_arm64.whl", hash = "sha256:aabf5777b5c8ca26f7824cb4a120a740c9588ed58df9b2d196ce92fba42ff8dc", size = 1915388, upload-time = "2025-11-04T13:42:52.215Z" },
    { url = "https://files.pythonhosted.org/packages/6e/0d/e3549b2399f71d56476b77dbf3cf8937cec5cd70536bdc0e374a421d0599/pydantic_core-2.41.5-graalpy312-graalpy250_312_native-manylinux_2_17_aarch64.manylinux2014_aarch64.whl", hash = "sha256:c007fe8a43d43b3969e8469004e9845944f1a80e6acd47c150856bb87f230c56", size = 1942879, upload-time = "2025-11-04T13:42:56.483Z" },
    { url = "https://files.pythonhosted.org/packages/f7/07/34573da085946b6a313d7c42f82f16e8920bfd730665de2d11c0c37a74b5/pydantic_core-2.41.5-graalpy312-graalpy250_312_native-manylinux_2_17_x86_64.manylinux2014_x86_64.whl", hash = "sha256:76d0819de158cd855d1cbb8fcafdf6f5cf1eb8e470abe056d5d161106e38062b", size = 2139017, upload-time = "2025-11-04T13:42:59.471Z" },
]

[[package]]
name = "pydantic-settings"
version = "2.13.1"
source = { registry = "https://pypi.org/simple" }
dependencies = [
    { name = "pydantic" },
    { name = "python-dotenv" },
    { name = "typing-inspection" },
]
sdist = { url = "https://files.pythonhosted.org/packages/52/6d/fffca34caecc4a3f97bda81b2098da5e8ab7efc9a66e819074a11955d87e/pydantic_settings-2.13.1.tar.gz", hash = "sha256:b4c11847b15237fb0171e1462bf540e294affb9b86db4d9aa5c01730bdbe4025", size = 223826, upload-time = "2026-02-19T13:45:08.055Z" }
wheels = [
    { url = "https://files.pythonhosted.org/packages/00/4b/ccc026168948fec4f7555b9164c724cf4125eac006e176541483d2c959be/pydantic_settings-2.13.1-py3-none-any.whl", hash = "sha256:d56fd801823dbeae7f0975e1f8c8e25c258eb75d278ea7abb5d9cebb01b56237", size = 58929, upload-time = "2026-02-19T13:45:06.034Z" },
]

[[package]]
name = "python-dotenv"
version = "1.2.2"
source = { registry = "https://pypi.org/simple" }
sdist = { url = "https://files.pythonhosted.org/packages/82/ed/0301aeeac3e5353ef3d94b6ec08bbcabd04a72018415dcb29e588514bba8/python_dotenv-1.2.2.tar.gz", hash = "sha256:2c371a91fbd7ba082c2c1dc1f8bf89ca22564a087c2c287cd9b662adde799cf3", size = 50135, upload-time = "2026-03-01T16:00:26.196Z" }
wheels = [
    { url = "https://files.pythonhosted.org/packages/0b/d7/1959b9648791274998a9c3526f6d0ec8fd2233e4d4acce81bbae76b44b2a/python_dotenv-1.2.2-py3-none-any.whl", hash = "sha256:1d8214789a24de455a8b8bd8ae6fe3c6b69a5e3d64aa8a8e5d68e694bbcb285a", size = 22101, upload-time = "2026-03-01T16:00:25.09Z" },
]

[[package]]
name = "python-telegram-bot"
version = "22.7"
source = { registry = "https://pypi.org/simple" }
dependencies = [
    { name = "httpcore", marker = "python_full_version >= '3.14'" },
    { name = "httpx" },
]
sdist = { url = "https://files.pythonhosted.org/packages/e4/25/2258161b1069e66d6c39c0a602dbe57461d4767dc0012539970ea40bc9d6/python_telegram_bot-22.7.tar.gz", hash = "sha256:784b59ea3852fe4616ad63b4a0264c755637f5d725e87755ecdee28300febf61", size = 1516454, upload-time = "2026-03-16T09:36:03.174Z" }
wheels = [
    { url = "https://files.pythonhosted.org/packages/94/f7/0e2f89dd62f45d46d4ea0d8aec5893ce5b37389638db010c117f46f11450/python_telegram_bot-22.7-py3-none-any.whl", hash = "sha256:d72eed532cf763758cd9331b57a6d790aff0bb4d37d8f4e92149436fe21c6475", size = 745365, upload-time = "2026-03-16T09:36:01.498Z" },
]

[package.optional-dependencies]
callback-data = [
    { name = "cachetools" },
]
job-queue = [
    { name = "apscheduler" },
]
rate-limiter = [
    { name = "aiolimiter" },
]
webhooks = [
    { name = "tornado" },
]

[[package]]
name = "pytz"
version = "2026.1.post1"
source = { registry = "https://pypi.org/simple" }
sdist = { url = "https://files.pythonhosted.org/packages/56/db/b8721d71d945e6a8ac63c0fc900b2067181dbb50805958d4d4661cf7d277/pytz-2026.1.post1.tar.gz", hash = "sha256:3378dde6a0c3d26719182142c56e60c7f9af7e968076f31aae569d72a0358ee1", size = 321088, upload-time = "2026-03-03T07:47:50.683Z" }
wheels = [
    { url = "https://files.pythonhosted.org/packages/10/99/781fe0c827be2742bcc775efefccb3b048a3a9c6ce9aec0cbf4a101677e5/pytz-2026.1.post1-py2.py3-none-any.whl", hash = "sha256:f2fd16142fda348286a75e1a524be810bb05d444e5a081f37f7affc635035f7a", size = 510489, upload-time = "2026-03-03T07:47:49.167Z" },
]

[[package]]
name = "ruff"
version = "0.15.9"
source = { registry = "https://pypi.org/simple" }
sdist = { url = "https://files.pythonhosted.org/packages/e6/97/e9f1ca355108ef7194e38c812ef40ba98c7208f47b13ad78d023caa583da/ruff-0.15.9.tar.gz", hash = "sha256:29cbb1255a9797903f6dde5ba0188c707907ff44a9006eb273b5a17bfa0739a2", size = 4617361, upload-time = "2026-04-02T18:17:20.829Z" }
wheels = [
    { url = "https://files.pythonhosted.org/packages/0b/1f/9cdfd0ac4b9d1e5a6cf09bedabdf0b56306ab5e333c85c87281273e7b041/ruff-0.15.9-py3-none-linux_armv6l.whl", hash = "sha256:6efbe303983441c51975c243e26dff328aca11f94b70992f35b093c2e71801e1", size = 10511206, upload-time = "2026-04-02T18:16:41.574Z" },
    { url = "https://files.pythonhosted.org/packages/3d/f6/32bfe3e9c136b35f02e489778d94384118bb80fd92c6d92e7ccd97db12ce/ruff-0.15.9-py3-none-macosx_10_12_x86_64.whl", hash = "sha256:4965bac6ac9ea86772f4e23587746f0b7a395eccabb823eb8bfacc3fa06069f7", size = 10923307, upload-time = "2026-04-02T18:17:08.645Z" },
    { url = "https://files.pythonhosted.org/packages/ca/25/de55f52ab5535d12e7aaba1de37a84be6179fb20bddcbe71ec091b4a3243/ruff-0.15.9-py3-none-macosx_11_0_arm64.whl", hash = "sha256:eaf05aad70ca5b5a0a4b0e080df3a6b699803916d88f006efd1f5b46302daab8", size = 10316722, upload-time = "2026-04-02T18:16:44.206Z" },
    { url = "https://files.pythonhosted.org/packages/48/11/690d75f3fd6278fe55fff7c9eb429c92d207e14b25d1cae4064a32677029/ruff-0.15.9-py3-none-manylinux_2_17_aarch64.manylinux2014_aarch64.whl", hash = "sha256:9439a342adb8725f32f92732e2bafb6d5246bd7a5021101166b223d312e8fc59", size = 10623674, upload-time = "2026-04-02T18:16:50.951Z" },
    { url = "https://files.pythonhosted.org/packages/bd/ec/176f6987be248fc5404199255522f57af1b4a5a1b57727e942479fec98ad/ruff-0.15.9-py3-none-manylinux_2_17_armv7l.manylinux2014_armv7l.whl", hash = "sha256:9c5e6faf9d97c8edc43877c3f406f47446fc48c40e1442d58cfcdaba2acea745", size = 10351516, upload-time = "2026-04-02T18:16:57.206Z" },
    { url = "https://files.pythonhosted.org/packages/b2/fc/51cffbd2b3f240accc380171d51446a32aa2ea43a40d4a45ada67368fbd2/ruff-0.15.9-py3-none-manylinux_2_17_i686.manylinux2014_i686.whl", hash = "sha256:7b34a9766aeec27a222373d0b055722900fbc0582b24f39661aa96f3fe6ad901", size = 11150202, upload-time = "2026-04-02T18:17:06.452Z" },
    { url = "https://files.pythonhosted.org/packages/d6/d4/25292a6dfc125f6b6528fe6af31f5e996e19bf73ca8e3ce6eb7fa5b95885/ruff-0.15.9-py3-none-manylinux_2_17_ppc64le.manylinux2014_ppc64le.whl", hash = "sha256:89dd695bc72ae76ff484ae54b7e8b0f6b50f49046e198355e44ea656e521fef9", size = 11988891, upload-time = "2026-04-02T18:17:18.575Z" },
    { url = "https://files.pythonhosted.org/packages/13/e1/1eebcb885c10e19f969dcb93d8413dfee8172578709d7ee933640f5e7147/ruff-0.15.9-py3-none-manylinux_2_17_s390x.manylinux2014_s390x.whl", hash = "sha256:ce187224ef1de1bd225bc9a152ac7102a6171107f026e81f317e4257052916d5", size = 11480576, upload-time = "2026-04-02T18:16:52.986Z" },
    { url = "https://files.pythonhosted.org/packages/ff/6b/a1548ac378a78332a4c3dcf4a134c2475a36d2a22ddfa272acd574140b50/ruff-0.15.9-py3-none-manylinux_2_17_x86_64.manylinux2014_x86_64.whl", hash = "sha256:2b0c7c341f68adb01c488c3b7d4b49aa8ea97409eae6462d860a79cf55f431b6", size = 11254525, upload-time = "2026-04-02T18:17:02.041Z" },
    { url = "https://files.pythonhosted.org/packages/42/aa/4bb3af8e61acd9b1281db2ab77e8b2c3c5e5599bf2a29d4a942f1c62b8d6/ruff-0.15.9-py3-none-manylinux_2_31_riscv64.whl", hash = "sha256:55cc15eee27dc0eebdfcb0d185a6153420efbedc15eb1d38fe5e685657b0f840", size = 11204072, upload-time = "2026-04-02T18:17:13.581Z" },
    { url = "https://files.pythonhosted.org/packages/69/48/d550dc2aa6e423ea0bcc1d0ff0699325ffe8a811e2dba156bd80750b86dc/ruff-0.15.9-py3-none-musllinux_1_2_aarch64.whl", hash = "sha256:a6537f6eed5cda688c81073d46ffdfb962a5f29ecb6f7e770b2dc920598997ed", size = 10594998, upload-time = "2026-04-02T18:16:46.369Z" },
    { url = "https://files.pythonhosted.org/packages/63/47/321167e17f5344ed5ec6b0aa2cff64efef5f9e985af8f5622cfa6536043f/ruff-0.15.9-py3-none-musllinux_1_2_armv7l.whl", hash = "sha256:6d3fcbca7388b066139c523bda744c822258ebdcfbba7d24410c3f454cc9af71", size = 10359769, upload-time = "2026-04-02T18:17:10.994Z" },
    { url = "https://files.pythonhosted.org/packages/67/5e/074f00b9785d1d2c6f8c22a21e023d0c2c1817838cfca4c8243200a1fa87/ruff-0.15.9-py3-none-musllinux_1_2_i686.whl", hash = "sha256:058d8e99e1bfe79d8a0def0b481c56059ee6716214f7e425d8e737e412d69677", size = 10850236, upload-time = "2026-04-02T18:16:48.749Z" },
    { url = "https://files.pythonhosted.org/packages/76/37/804c4135a2a2caf042925d30d5f68181bdbd4461fd0d7739da28305df593/ruff-0.15.9-py3-none-musllinux_1_2_x86_64.whl", hash = "sha256:8e1ddb11dbd61d5983fa2d7d6370ef3eb210951e443cace19594c01c72abab4c", size = 11358343, upload-time = "2026-04-02T18:16:55.068Z" },
    { url = "https://files.pythonhosted.org/packages/88/3d/1364fcde8656962782aa9ea93c92d98682b1ecec2f184e625a965ad3b4a6/ruff-0.15.9-py3-none-win32.whl", hash = "sha256:bde6ff36eaf72b700f32b7196088970bf8fdb2b917b7accd8c371bfc0fd573ec", size = 10583382, upload-time = "2026-04-02T18:17:04.261Z" },
    { url = "https://files.pythonhosted.org/packages/4c/56/5c7084299bd2cacaa07ae63a91c6f4ba66edc08bf28f356b24f6b717c799/ruff-0.15.9-py3-none-win_amd64.whl", hash = "sha256:45a70921b80e1c10cf0b734ef09421f71b5aa11d27404edc89d7e8a69505e43d", size = 11744969, upload-time = "2026-04-02T18:16:59.611Z" },
    { url = "https://files.pythonhosted.org/packages/03/36/76704c4f312257d6dbaae3c959add2a622f63fcca9d864659ce6d8d97d3d/ruff-0.15.9-py3-none-win_arm64.whl", hash = "sha256:0694e601c028fd97dc5c6ee244675bc241aeefced7ef80cd9c6935a871078f53", size = 11005870, upload-time = "2026-04-02T18:17:15.773Z" },
]

[[package]]
name = "tornado"
version = "6.5.5"
source = { registry = "https://pypi.org/simple" }
sdist = { url = "https://files.pythonhosted.org/packages/f8/f1/3173dfa4a18db4a9b03e5d55325559dab51ee653763bb8745a75af491286/tornado-6.5.5.tar.gz", hash = "sha256:192b8f3ea91bd7f1f50c06955416ed76c6b72f96779b962f07f911b91e8d30e9", size = 516006, upload-time = "2026-03-10T21:31:02.067Z" }
wheels = [
    { url = "https://files.pythonhosted.org/packages/59/8c/77f5097695f4dd8255ecbd08b2a1ed8ba8b953d337804dd7080f199e12bf/tornado-6.5.5-cp39-abi3-macosx_10_9_universal2.whl", hash = "sha256:487dc9cc380e29f58c7ab88f9e27cdeef04b2140862e5076a66fb6bb68bb1bfa", size = 445983, upload-time = "2026-03-10T21:30:44.28Z" },
    { url = "https://files.pythonhosted.org/packages/ab/5e/7625b76cd10f98f1516c36ce0346de62061156352353ef2da44e5c21523c/tornado-6.5.5-cp39-abi3-macosx_10_9_x86_64.whl", hash = "sha256:65a7f1d46d4bb41df1ac99f5fcb685fb25c7e61613742d5108b010975a9a6521", size = 444246, upload-time = "2026-03-10T21:30:46.571Z" },
    { url = "https://files.pythonhosted.org/packages/b2/04/7b5705d5b3c0fab088f434f9c83edac1573830ca49ccf29fb83bf7178eec/tornado-6.5.5-cp39-abi3-manylinux1_x86_64.manylinux_2_28_x86_64.manylinux_2_5_x86_64.whl", hash = "sha256:e74c92e8e65086b338fd56333fb9a68b9f6f2fe7ad532645a290a464bcf46be5", size = 447229, upload-time = "2026-03-10T21:30:48.273Z" },
    { url = "https://files.pythonhosted.org/packages/34/01/74e034a30ef59afb4097ef8659515e96a39d910b712a89af76f5e4e1f93c/tornado-6.5.5-cp39-abi3-manylinux2014_aarch64.manylinux_2_17_aarch64.manylinux_2_28_aarch64.whl", hash = "sha256:435319e9e340276428bbdb4e7fa732c2d399386d1de5686cb331ec8eee754f07", size = 448192, upload-time = "2026-03-10T21:30:51.22Z" },
    { url = "https://files.pythonhosted.org/packages/be/00/fe9e02c5a96429fce1a1d15a517f5d8444f9c412e0bb9eadfbe3b0fc55bf/tornado-6.5.5-cp39-abi3-musllinux_1_2_aarch64.whl", hash = "sha256:3f54aa540bdbfee7b9eb268ead60e7d199de5021facd276819c193c0fb28ea4e", size = 448039, upload-time = "2026-03-10T21:30:53.52Z" },
    { url = "https://files.pythonhosted.org/packages/82/9e/656ee4cec0398b1d18d0f1eb6372c41c6b889722641d84948351ae19556d/tornado-6.5.5-cp39-abi3-musllinux_1_2_x86_64.whl", hash = "sha256:36abed1754faeb80fbd6e64db2758091e1320f6bba74a4cf8c09cd18ccce8aca", size = 447445, upload-time = "2026-03-10T21:30:55.541Z" },
    { url = "https://files.pythonhosted.org/packages/5a/76/4921c00511f88af86a33de770d64141170f1cfd9c00311aea689949e274e/tornado-6.5.5-cp39-abi3-win32.whl", hash = "sha256:dd3eafaaeec1c7f2f8fdcd5f964e8907ad788fe8a5a32c4426fbbdda621223b7", size = 448582, upload-time = "2026-03-10T21:30:57.142Z" },
    { url = "https://files.pythonhosted.org/packages/2c/23/f6c6112a04d28eed765e374435fb1a9198f73e1ec4b4024184f21faeb1ad/tornado-6.5.5-cp39-abi3-win_amd64.whl", hash = "sha256:6443a794ba961a9f619b1ae926a2e900ac20c34483eea67be4ed8f1e58d3ef7b", size = 448990, upload-time = "2026-03-10T21:30:58.857Z" },
    { url = "https://files.pythonhosted.org/packages/b7/c8/876602cbc96469911f0939f703453c1157b0c826ecb05bdd32e023397d4e/tornado-6.5.5-cp39-abi3-win_arm64.whl", hash = "sha256:2c9a876e094109333f888539ddb2de4361743e5d21eece20688e3e351e4990a6", size = 448016, upload-time = "2026-03-10T21:31:00.43Z" },
]

[[package]]
name = "typing-extensions"
version = "4.15.0"
source = { registry = "https://pypi.org/simple" }
sdist = { url = "https://files.pythonhosted.org/packages/72/94/1a15dd82efb362ac84269196e94cf00f187f7ed21c242792a923cdb1c61f/typing_extensions-4.15.0.tar.gz", hash = "sha256:0cea48d173cc12fa28ecabc3b837ea3cf6f38c6d1136f85cbaaf598984861466", size = 109391, upload-time = "2025-08-25T13:49:26.313Z" }
wheels = [
    { url = "https://files.pythonhosted.org/packages/18/67/36e9267722cc04a6b9f15c7f3441c2363321a3ea07da7ae0c0707beb2a9c/typing_extensions-4.15.0-py3-none-any.whl", hash = "sha256:f0fa19c6845758ab08074a0cfa8b7aecb71c999ca73d62883bc25cc018c4e548", size = 44614, upload-time = "2025-08-25T13:49:24.86Z" },
]

[[package]]
name = "typing-inspection"
version = "0.4.2"
source = { registry = "https://pypi.org/simple" }
dependencies = [
    { name = "typing-extensions" },
]
sdist = { url = "https://files.pythonhosted.org/packages/55/e3/70399cb7dd41c10ac53367ae42139cf4b1ca5f36bb3dc6c9d33acdb43655/typing_inspection-0.4.2.tar.gz", hash = "sha256:ba561c48a67c5958007083d386c3295464928b01faa735ab8547c5692e87f464", size = 75949, upload-time = "2025-10-01T02:14:41.687Z" }
wheels = [
    { url = "https://files.pythonhosted.org/packages/dc/9b/47798a6c91d8bdb567fe2698fe81e0c6b7cb7ef4d13da4114b41d239f65d/typing_inspection-0.4.2-py3-none-any.whl", hash = "sha256:4ed1cacbdc298c220f1bd249ed5287caa16f34d44ef4e9c3d0cbad5b521545e7", size = 14611, upload-time = "2025-10-01T02:14:40.154Z" },
]

[[package]]
name = "tzdata"
version = "2026.1"
source = { registry = "https://pypi.org/simple" }
sdist = { url = "https://files.pythonhosted.org/packages/19/f5/cd531b2d15a671a40c0f66cf06bc3570a12cd56eef98960068ebbad1bf5a/tzdata-2026.1.tar.gz", hash = "sha256:67658a1903c75917309e753fdc349ac0efd8c27db7a0cb406a25be4840f87f98", size = 197639, upload-time = "2026-04-03T11:25:22.002Z" }
wheels = [
    { url = "https://files.pythonhosted.org/packages/b0/70/d460bd685a170790ec89317e9bd33047988e4bce507b831f5db771e142de/tzdata-2026.1-py2.py3-none-any.whl", hash = "sha256:4b1d2be7ac37ceafd7327b961aa3a54e467efbdb563a23655fbfe0d39cfc42a9", size = 348952, upload-time = "2026-04-03T11:25:20.313Z" },
]

[[package]]
name = "tzlocal"
version = "5.3.1"
source = { registry = "https://pypi.org/simple" }
dependencies = [
    { name = "tzdata", marker = "sys_platform == 'win32'" },
]
sdist = { url = "https://files.pythonhosted.org/packages/8b/2e/c14812d3d4d9cd1773c6be938f89e5735a1f11a9f184ac3639b93cef35d5/tzlocal-5.3.1.tar.gz", hash = "sha256:cceffc7edecefea1f595541dbd6e990cb1ea3d19bf01b2809f362a03dd7921fd", size = 30761, upload-time = "2025-03-05T21:17:41.549Z" }
wheels = [
    { url = "https://files.pythonhosted.org/packages/c2/14/e2a54fabd4f08cd7af1c07030603c3356b74da07f7cc056e600436edfa17/tzlocal-5.3.1-py3-none-any.whl", hash = "sha256:eb1a66c3ef5847adf7a834f1be0800581b683b5608e74f86ecbcef8ab91bb85d", size = 18026, upload-time = "2025-03-05T21:17:39.857Z" },
]
